PODS:
  - Flutter (1.0.0)
  - flutter_blue_plus (0.0.1):
    - Flutter
    - flutter_blue_plus/Protos (= 0.0.1)
  - flutter_blue_plus/Protos (0.0.1):
    - Flutter
    - Protobuf (~> 3.11)
  - permission_handler_apple (9.1.1):
    - Flutter
  - Protobuf (3.27.2)

DEPENDENCIES:
  - Flutter (from `Flutter`)
  - flutter_blue_plus (from `.symlinks/plugins/flutter_blue_plus/ios`)
  - permission_handler_apple (from `.symlinks/plugins/permission_handler_apple/ios`)

SPEC REPOS:
  trunk:
    - Protobuf

EXTERNAL SOURCES:
  Flutter:
    :path: Flutter
  flutter_blue_plus:
    :path: ".symlinks/plugins/flutter_blue_plus/ios"
  permission_handler_apple:
    :path: ".symlinks/plugins/permission_handler_apple/ios"

SPEC CHECKSUMS:
  Flutter: e0871f40cf51350855a761d2e70bf5af5b9b5de7
  flutter_blue_plus: 6787777145d615de01828f3a9fa423c3c702f0b3
  permission_handler_apple: e76247795d700c14ea09e3a2d8855d41ee80a2e6
  Protobuf: fb2c13674723f76ff6eede14f78847a776455fa2

PODFILE CHECKSUM: 819463e6a0290f5a72f145ba7cde16e8b6ef0796

COCOAPODS: 1.15.2
